
Microsoft Visual Studio Solution File, Format Version 12.00
# Visual Studio Version 16
VisualStudioVersion = 25.0.1705.6
MinimumVisualStudioVersion = 10.0.40219.1
Project("{FAE04EC0-301F-11D3-BF4B-00C04F79EFBC}") = "VMS", "VMS\VMS.csproj", "{BDFE744E-8CDB-47C4-B3A9-35BD03FD5F26}"
EndProject
Global
	GlobalSection(SolutionConfigurationPlatforms) = preSolution
		Debug|Any CPU = Debug|Any CPU
		Release|Any CPU = Release|Any CPU
	EndGlobalSection
	GlobalSection(ProjectConfigurationPlatforms) = postSolution
		{BDFE744E-8CDB-47C4-B3A9-35BD03FD5F26}.Debug|Any CPU.ActiveCfg = Debug|Any CPU
		{BDFE744E-8CDB-47C4-B3A9-35BD03FD5F26}.Debug|Any CPU.Build.0 = Debug|Any CPU
		{BDFE744E-8CDB-47C4-B3A9-35BD03FD5F26}.Release|Any CPU.ActiveCfg = Release|Any CPU
		{BDFE744E-8CDB-47C4-B3A9-35BD03FD5F26}.Release|Any CPU.Build.0 = Release|Any CPU
	EndGlobalSection
	GlobalSection(SolutionProperties) = preSolution
		HideSolutionNode = FALSE
	EndGlobalSection
	GlobalSection(ExtensibilityGlobals) = postSolution
		SolutionGuid = {5C649A40-F386-4839-B0FD-C7F06E7D4F36}
	EndGlobalSection
EndGlobal
